
Microsoft Visual Studio Solution File, Format Version 12.00
# Visual Studio 15
VisualStudioVersion = 15.0.28307.757
MinimumVisualStudioVersion = 10.0.40219.1
Project("{FAE04EC0-301F-11D3-BF4B-00C04F79EFBC}") = "WebServiceBaseDatos", "WebServiceBaseDatos\WebServiceBaseDatos.csproj", "{FB17DA7D-CB33-481C-B6B0-E113FBCEA5EF}"
EndProject
Global
	GlobalSection(SolutionConfigurationPlatforms) = preSolution
		Debug|Any CPU = Debug|Any CPU
		Release|Any CPU = Release|Any CPU
	EndGlobalSection
	GlobalSection(ProjectConfigurationPlatforms) = postSolution
		{FB17DA7D-CB33-481C-B6B0-E113FBCEA5EF}.Debug|Any CPU.ActiveCfg = Debug|Any CPU
		{FB17DA7D-CB33-481C-B6B0-E113FBCEA5EF}.Debug|Any CPU.Build.0 = Debug|Any CPU
		{FB17DA7D-CB33-481C-B6B0-E113FBCEA5EF}.Release|Any CPU.ActiveCfg = Release|Any CPU
		{FB17DA7D-CB33-481C-B6B0-E113FBCEA5EF}.Release|Any CPU.Build.0 = Release|Any CPU
	EndGlobalSection
	GlobalSection(SolutionProperties) = preSolution
		HideSolutionNode = FALSE
	EndGlobalSection
	GlobalSection(ExtensibilityGlobals) = postSolution
		SolutionGuid = {90437E30-E897-494E-AFFF-4285D5C1C9C3}
	EndGlobalSection
EndGlobal
